<?xml version="1.0" encoding="utf-8"?>
<Project ToolsVersion="4.0" xmlns="http://schemas.microsoft.com/developer/msbuild/2003">
  <ItemGroup>
    <Filter Include="Source Files">
      <UniqueIdentifier>{4FC737F1-C7A5-4376-A066-2A32D752A2FF}</UniqueIdentifier>
      <Extensions>cpp;c;cc;cxx;def;odl;idl;hpj;bat;asm;asmx</Extensions>
    </Filter>
    <Filter Include="Header Files">
      <UniqueIdentifier>{93995380-89BD-4b04-88EB-625FBE52EBFB}</UniqueIdentifier>
      <Extensions>h;hh;hpp;hxx;hm;inl;inc;xsd</Extensions>
    </Filter>
    <Filter Include="Resource Files">
      <UniqueIdentifier>{67DA6AB6-F800-4c08-8B7A-83BB121AAD01}</UniqueIdentifier>
      <Extensions>rc;ico;cur;bmp;dlg;rc2;rct;bin;rgs;gif;jpg;jpeg;jpe;resx;tiff;tif;png;wav</Extensions>
    </Filter>
  </ItemGroup>
  <ItemGroup>
    <ClCompile Include="src\GameSDL.c">
      <Filter>Source Files</Filter>
    </ClCompile>
    <ClCompile Include="src\GameState.c">
      <Filter>Source Files</Filter>
    </ClCompile>
    <ClCompile Include="src\main.c">
      <Filter>Source Files</Filter>
    </ClCompile>
    <ClCompile Include="src\MapObject.c">
      <Filter>Source Files</Filter>
    </ClCompile>
    <ClCompile Include="src\module.c">
      <Filter>Source Files</Filter>
    </ClCompile>
    <ClCompile Include="src\player.c">
      <Filter>Source Files</Filter>
    </ClCompile>
  </ItemGroup>
  <ItemGroup>
    <ClInclude Include="src\GameSDL.h">
      <Filter>Header Files</Filter>
    </ClInclude>
    <ClInclude Include="src\GameState.h">
      <Filter>Header Files</Filter>
    </ClInclude>
    <ClInclude Include="src\MapObject.h">
      <Filter>Header Files</Filter>
    </ClInclude>
    <ClInclude Include="src\module.h">
      <Filter>Header Files</Filter>
    </ClInclude>
    <ClInclude Include="src\player.h">
      <Filter>Header Files</Filter>
    </ClInclude>
  </ItemGroup>
  <ItemGroup>
    <None Include="doc\html\annotated.html" />
    <None Include="doc\html\classes.html" />
    <None Include="doc\html\files.html" />
    <None Include="doc\html\globals.html" />
    <None Include="doc\html\globals_func.html" />
    <None Include="doc\html\graph_legend.html" />
    <None Include="doc\html\index.html" />
    <None Include="doc\html\module_8h.html" />
    <None Include="doc\html\module_8h_source.html" />
    <None Include="doc\html\player_8h.html" />
    <None Include="doc\html\player_8h_source.html" />
    <None Include="doc\html\struct_dynamite.html" />
    <None Include="doc\html\struct_enemy.html" />
    <None Include="doc\html\struct_game_state.html" />
    <None Include="doc\html\struct_gold.html" />
    <None Include="doc\html\struct_ladder.html" />
    <None Include="doc\html\struct_lava.html" />
    <None Include="doc\html\struct_ledge.html" />
    <None Include="doc\html\struct_man.html" />
    <None Include="doc\html\struct_portal.html" />
    <None Include="doc\html\_game_state_8h.html" />
    <None Include="doc\html\_game_state_8h_source.html" />
    <None Include="doc\html\_game_s_d_l_8h.html" />
    <None Include="doc\html\_game_s_d_l_8h_source.html" />
    <None Include="doc\html\_map_object_8h.html" />
    <None Include="doc\html\_map_object_8h_source.html" />
    <None Include="doc\html\search\all_0.html" />
    <None Include="doc\html\search\all_1.html" />
    <None Include="doc\html\search\all_2.html" />
    <None Include="doc\html\search\all_3.html" />
    <None Include="doc\html\search\all_4.html" />
    <None Include="doc\html\search\all_5.html" />
    <None Include="doc\html\search\all_6.html" />
    <None Include="doc\html\search\all_7.html" />
    <None Include="doc\html\search\all_8.html" />
    <None Include="doc\html\search\all_9.html" />
    <None Include="doc\html\search\classes_0.html" />
    <None Include="doc\html\search\classes_1.html" />
    <None Include="doc\html\search\classes_2.html" />
    <None Include="doc\html\search\classes_3.html" />
    <None Include="doc\html\search\classes_4.html" />
    <None Include="doc\html\search\classes_5.html" />
    <None Include="doc\html\search\files_0.html" />
    <None Include="doc\html\search\files_1.html" />
    <None Include="doc\html\search\files_2.html" />
    <None Include="doc\html\search\functions_0.html" />
    <None Include="doc\html\search\functions_1.html" />
    <None Include="doc\html\search\functions_2.html" />
    <None Include="doc\html\search\functions_3.html" />
    <None Include="doc\html\search\functions_4.html" />
    <None Include="doc\html\search\functions_5.html" />
    <None Include="doc\html\search\functions_6.html" />
    <None Include="doc\html\search\functions_7.html" />
    <None Include="doc\html\search\nomatches.html" />
  </ItemGroup>
</Project>